{
  "name": "aion",
  "version": "0.2.1",
  "lockfileVersion": 3,
  "requires": true,
  "packages": {
    "": {
      "name": "aion",
      "version": "0.2.1",
      "license": "MIT",
      "dependencies": {
        "rot-js": "2.2.1"
      },
      "engines": {
        "node": ">=22"
      }
    },
    "node_modules/rot-js": {
      "version": "2.2.1",
      "resolved": "https://registry.npmjs.org/rot-js/-/rot-js-2.2.1.tgz",
      "integrity": "sha512-lItXH31vj4ebdypayCx9dh98qPr57E7jGW2lVMKxtBHooU3xpGRtLS8kdJIni232tvPJ8Sl0+aqXZj8c6W0MGw==",
      "license": "BSD-3-Clause"
    }
  }
}
